
Microsoft Visual Studio Solution File, Format Version 12.00
# Visual Studio Version 17
VisualStudioVersion = 17.12.35707.178
MinimumVisualStudioVersion = 10.0.40219.1
Project("{9A19103F-16F7-4668-BE54-9A1E7A4F7556}") = "BackEnd", "BackEnd\BackEnd.csproj", "{DA5B1F7E-BFDE-4AF5-BB11-5E124E183942}"
EndProject
Project("{9A19103F-16F7-4668-BE54-9A1E7A4F7556}") = "BX.Models", "BX.Models\BX.Models.csproj", "{6F74026B-53F8-40BA-8E34-0ECECDB74F6C}"
EndProject
Project("{FAE04EC0-301F-11D3-BF4B-00C04F79EFBC}") = "BX.Business", "BX.Business\BX.Business.csproj", "{EDFD288F-6C3C-409C-8EBC-09B37EAD1DF4}"
EndProject
Project("{FAE04EC0-301F-11D3-BF4B-00C04F79EFBC}") = "BX.Data", "BX.Data\BX.Data.csproj", "{1A81BC2D-AFBA-47D4-BBF6-7499B13E329D}"
EndProject
Project("{FAE04EC0-301F-11D3-BF4B-00C04F79EFBC}") = "BX.Services", "BX.Services\BX.Services.csproj", "{064AAA16-D072-4C7E-A4FA-E6E18F40E54C}"
EndProject
Project("{FAE04EC0-301F-11D3-BF4B-00C04F79EFBC}") = "BX.Architecture", "BX.Architecture\BX.Architecture.csproj", "{A15F1E8B-FBAB-4FC2-BE86-7B0B88DB4FB0}"
EndProject
Global
	GlobalSection(SolutionConfigurationPlatforms) = preSolution
		Debug|Any CPU = Debug|Any CPU
		Release|Any CPU = Release|Any CPU
	EndGlobalSection
	GlobalSection(ProjectConfigurationPlatforms) = postSolution
		{DA5B1F7E-BFDE-4AF5-BB11-5E124E183942}.Debug|Any CPU.ActiveCfg = Debug|Any CPU
		{DA5B1F7E-BFDE-4AF5-BB11-5E124E183942}.Debug|Any CPU.Build.0 = Debug|Any CPU
		{DA5B1F7E-BFDE-4AF5-BB11-5E124E183942}.Release|Any CPU.ActiveCfg = Release|Any CPU
		{DA5B1F7E-BFDE-4AF5-BB11-5E124E183942}.Release|Any CPU.Build.0 = Release|Any CPU
		{6F74026B-53F8-40BA-8E34-0ECECDB74F6C}.Debug|Any CPU.ActiveCfg = Debug|Any CPU
		{6F74026B-53F8-40BA-8E34-0ECECDB74F6C}.Debug|Any CPU.Build.0 = Debug|Any CPU
		{6F74026B-53F8-40BA-8E34-0ECECDB74F6C}.Release|Any CPU.ActiveCfg = Release|Any CPU
		{6F74026B-53F8-40BA-8E34-0ECECDB74F6C}.Release|Any CPU.Build.0 = Release|Any CPU
		{EDFD288F-6C3C-409C-8EBC-09B37EAD1DF4}.Debug|Any CPU.ActiveCfg = Debug|Any CPU
		{EDFD288F-6C3C-409C-8EBC-09B37EAD1DF4}.Debug|Any CPU.Build.0 = Debug|Any CPU
		{EDFD288F-6C3C-409C-8EBC-09B37EAD1DF4}.Release|Any CPU.ActiveCfg = Release|Any CPU
		{EDFD288F-6C3C-409C-8EBC-09B37EAD1DF4}.Release|Any CPU.Build.0 = Release|Any CPU
		{1A81BC2D-AFBA-47D4-BBF6-7499B13E329D}.Debug|Any CPU.ActiveCfg = Debug|Any CPU
		{1A81BC2D-AFBA-47D4-BBF6-7499B13E329D}.Debug|Any CPU.Build.0 = Debug|Any CPU
		{1A81BC2D-AFBA-47D4-BBF6-7499B13E329D}.Release|Any CPU.ActiveCfg = Release|Any CPU
		{1A81BC2D-AFBA-47D4-BBF6-7499B13E329D}.Release|Any CPU.Build.0 = Release|Any CPU
		{064AAA16-D072-4C7E-A4FA-E6E18F40E54C}.Debug|Any CPU.ActiveCfg = Debug|Any CPU
		{064AAA16-D072-4C7E-A4FA-E6E18F40E54C}.Debug|Any CPU.Build.0 = Debug|Any CPU
		{064AAA16-D072-4C7E-A4FA-E6E18F40E54C}.Release|Any CPU.ActiveCfg = Release|Any CPU
		{064AAA16-D072-4C7E-A4FA-E6E18F40E54C}.Release|Any CPU.Build.0 = Release|Any CPU
		{A15F1E8B-FBAB-4FC2-BE86-7B0B88DB4FB0}.Debug|Any CPU.ActiveCfg = Debug|Any CPU
		{A15F1E8B-FBAB-4FC2-BE86-7B0B88DB4FB0}.Debug|Any CPU.Build.0 = Debug|Any CPU
		{A15F1E8B-FBAB-4FC2-BE86-7B0B88DB4FB0}.Release|Any CPU.ActiveCfg = Release|Any CPU
		{A15F1E8B-FBAB-4FC2-BE86-7B0B88DB4FB0}.Release|Any CPU.Build.0 = Release|Any CPU
	EndGlobalSection
	GlobalSection(SolutionProperties) = preSolution
		HideSolutionNode = FALSE
	EndGlobalSection
	GlobalSection(ExtensibilityGlobals) = postSolution
		SolutionGuid = {CBC39BBE-AA44-4D34-9309-6325EA219B5C}
	EndGlobalSection
EndGlobal
